{
  "requires": true,
  "lockfileVersion": 1,
  "dependencies": {
    "cytoscape-angular": {
      "version": "0.7.5",
      "resolved": "https://registry.npmjs.org/cytoscape-angular/-/cytoscape-angular-0.7.5.tgz",
      "integrity": "sha512-bvJKygexLMM+5JPSNpHp74Sjk5KPomi+VuJs65kqZDg4c0IXPNm+xzfOhSbt8vv2qQX/cv3zouaSiydVafac+A=="
    }
  }
}
