{
  "requires": true,
  "lockfileVersion": 1,
  "dependencies": {
    "@types/cytoscape": {
      "version": "3.8.5",
      "resolved": "https://registry.npmjs.org/@types/cytoscape/-/cytoscape-3.8.5.tgz",
      "integrity": "sha512-5LsDfbW67YCn5rSb95xjTM1ieE1MdhnqTZreRGtoBS7iaoT6wqag2xXOlGEVf9/CnvVnLuPt1ZdTzAlccs9IyQ=="
    },
    "cytoscape": {
      "version": "3.11.0",
      "resolved": "https://registry.npmjs.org/cytoscape/-/cytoscape-3.11.0.tgz",
      "integrity": "sha512-xA9S5UiTjwFwZjxZCTIJjDU5ef2XSqw+/gk+bLcqdOZ496EoPSfnbozGRnKZhxKIVT++NNyWtT7fW1eLU7denQ==",
      "requires": {
        "heap": "^0.2.6",
        "lodash.debounce": "^4.0.8"
      }
    },
    "heap": {
      "version": "0.2.6",
      "resolved": "https://registry.npmjs.org/heap/-/heap-0.2.6.tgz",
      "integrity": "sha1-CH4fELBGky/IWU3Z5tN4r8nR5aw="
    },
    "lodash.debounce": {
      "version": "4.0.8",
      "resolved": "https://registry.npmjs.org/lodash.debounce/-/lodash.debounce-4.0.8.tgz",
      "integrity": "sha1-gteb/zCmfEAF/9XiUVMArZyk168="
    },
    "ngx-cytoscape": {
      "version": "0.5.24",
      "resolved": "https://registry.npmjs.org/ngx-cytoscape/-/ngx-cytoscape-0.5.24.tgz",
      "integrity": "sha1-EB/hcZetA1C/Yx0k184aCxamjgc=",
      "requires": {
        "@types/cytoscape": "^3.1.6",
        "cytoscape": "^3.2.8"
      }
    }
  }
}
